// !$*UTF8*$!
{
	archiveVersion = 1;
	classes = {
	};
	objectVersion = 46;
	objects = {

/* Begin PBXBuildFile section */
		CC6AC41418A9E0170030858D /* Foundation.framework in Frameworks */ = {isa = PBXBuildFile; fileRef = CC6AC41318A9E0170030858D /* Foundation.framework */; };
		CC6AC41618A9E0170030858D /* CoreGraphics.framework in Frameworks */ = {isa = PBXBuildFile; fileRef = CC6AC41518A9E0170030858D /* CoreGraphics.framework */; };
		CC6AC41818A9E0170030858D /* UIKit.framework in Frameworks */ = {isa = PBXBuildFile; fileRef = CC6AC41718A9E0170030858D /* UIKit.framework */; };
		CC6AC41E18A9E0170030858D /* InfoPlist.strings in Resources */ = {isa = PBXBuildFile; fileRef = CC6AC41C18A9E0170030858D /* InfoPlist.strings */; };
		CC6AC42018A9E0170030858D /* main.m in Sources */ = {isa = PBXBuildFile; fileRef = CC6AC41F18A9E0170030858D /* main.m */; };
		CC6AC42418A9E0170030858D /* ONAAppDelegate.m in Sources */ = {isa = PBXBuildFile; fileRef = CC6AC42318A9E0170030858D /* ONAAppDelegate.m */; };
		CC6AC42F18A9E0170030858D /* Images.xcassets in Resources */ = {isa = PBXBuildFile; fileRef = CC6AC42E18A9E0170030858D /* Images.xcassets */; };
		CC6AC43618A9E0170030858D /* XCTest.framework in Frameworks */ = {isa = PBXBuildFile; fileRef = CC6AC43518A9E0170030858D /* XCTest.framework */; };
		CC6AC43718A9E0170030858D /* Foundation.framework in Frameworks */ = {isa = PBXBuildFile; fileRef = CC6AC41318A9E0170030858D /* Foundation.framework */; };
		CC6AC43818A9E0170030858D /* UIKit.framework in Frameworks */ = {isa = PBXBuildFile; fileRef = CC6AC41718A9E0170030858D /* UIKit.framework */; };
		CC6AC44018A9E0170030858D /* InfoPlist.strings in Resources */ = {isa = PBXBuildFile; fileRef = CC6AC43E18A9E0170030858D /* InfoPlist.strings */; };
		CC6AC44218A9E0170030858D /* NarcissusTests.m in Sources */ = {isa = PBXBuildFile; fileRef = CC6AC44118A9E0170030858D /* NarcissusTests.m */; };
		CC6AC44F18A9E13E0030858D /* ONASetupViewController.m in Sources */ = {isa = PBXBuildFile; fileRef = CC6AC44E18A9E13E0030858D /* ONASetupViewController.m */; };
		CC6AC45118A9EB520030858D /* ONASetupViewController.xib in Resources */ = {isa = PBXBuildFile; fileRef = CC6AC45018A9EB520030858D /* ONASetupViewController.xib */; };
		CC6AC45418A9EBB80030858D /* ONAIdentifierViewController.m in Sources */ = {isa = PBXBuildFile; fileRef = CC6AC45318A9EBB80030858D /* ONAIdentifierViewController.m */; };
		CC6AC45618A9EBCF0030858D /* ONAIdentifierViewController.xib in Resources */ = {isa = PBXBuildFile; fileRef = CC6AC45518A9EBCF0030858D /* ONAIdentifierViewController.xib */; };
		CC6AC45E18A9ECFA0030858D /* ONAIdentifierCore.m in Sources */ = {isa = PBXBuildFile; fileRef = CC6AC45D18A9ECFA0030858D /* ONAIdentifierCore.m */; };
		CC6AC46018A9ED5C0030858D /* CoreBluetooth.framework in Frameworks */ = {isa = PBXBuildFile; fileRef = CC6AC45F18A9ED5C0030858D /* CoreBluetooth.framework */; };
		CC6AC47518A9F1830030858D /* AFHTTPRequestOperation.m in Sources */ = {isa = PBXBuildFile; fileRef = CC6AC46318A9F1830030858D /* AFHTTPRequestOperation.m */; };
		CC6AC47618A9F1830030858D /* AFHTTPRequestOperationManager.m in Sources */ = {isa = PBXBuildFile; fileRef = CC6AC46518A9F1830030858D /* AFHTTPRequestOperationManager.m */; };
		CC6AC47718A9F1830030858D /* AFHTTPSessionManager.m in Sources */ = {isa = PBXBuildFile; fileRef = CC6AC46718A9F1830030858D /* AFHTTPSessionManager.m */; };
		CC6AC47818A9F1830030858D /* AFNetworkReachabilityManager.m in Sources */ = {isa = PBXBuildFile; fileRef = CC6AC46A18A9F1830030858D /* AFNetworkReachabilityManager.m */; };
		CC6AC47918A9F1830030858D /* AFSecurityPolicy.m in Sources */ = {isa = PBXBuildFile; fileRef = CC6AC46C18A9F1830030858D /* AFSecurityPolicy.m */; };
		CC6AC47A18A9F1830030858D /* AFURLConnectionOperation.m in Sources */ = {isa = PBXBuildFile; fileRef = CC6AC46E18A9F1830030858D /* AFURLConnectionOperation.m */; };
		CC6AC47B18A9F1830030858D /* AFURLRequestSerialization.m in Sources */ = {isa = PBXBuildFile; fileRef = CC6AC47018A9F1830030858D /* AFURLRequestSerialization.m */; };
		CC6AC47C18A9F1830030858D /* AFURLResponseSerialization.m in Sources */ = {isa = PBXBuildFile; fileRef = CC6AC47218A9F1830030858D /* AFURLResponseSerialization.m */; };
		CC6AC47D18A9F1830030858D /* AFURLSessionManager.m in Sources */ = {isa = PBXBuildFile; fileRef = CC6AC47418A9F1830030858D /* AFURLSessionManager.m */; };
		CC6AC47F18A9F1940030858D /* MobileCoreServices.framework in Frameworks */ = {isa = PBXBuildFile; fileRef = CC6AC47E18A9F1940030858D /* MobileCoreServices.framework */; };
		CC6AC48118A9F19A0030858D /* Security.framework in Frameworks */ = {isa = PBXBuildFile; fileRef = CC6AC48018A9F19A0030858D /* Security.framework */; };
		CC6AC48318A9F1AF0030858D /* SystemConfiguration.framework in Frameworks */ = {isa = PBXBuildFile; fileRef = CC6AC48218A9F1AF0030858D /* SystemConfiguration.framework */; };
		CC6AC48618AA06050030858D /* ONALocationCore.m in Sources */ = {isa = PBXBuildFile; fileRef = CC6AC48518AA06050030858D /* ONALocationCore.m */; };
		CC6AC48918AA0C5B0030858D /* MapViewController.m in Sources */ = {isa = PBXBuildFile; fileRef = CC6AC48818AA0C5B0030858D /* MapViewController.m */; };
		CC6AC48B18AA0C670030858D /* IndoorMap_3.bundle in Resources */ = {isa = PBXBuildFile; fileRef = CC6AC48A18AA0C670030858D /* IndoorMap_3.bundle */; };
/* End PBXBuildFile section */

/* Begin PBXContainerItemProxy section */
		CC6AC43918A9E0170030858D /* PBXContainerItemProxy */ = {
			isa = PBXContainerItemProxy;
			containerPortal = CC6AC40818A9E0170030858D /* Project object */;
			proxyType = 1;
			remoteGlobalIDString = CC6AC40F18A9E0170030858D;
			remoteInfo = Narcissus;
		};
/* End PBXContainerItemProxy section */

/* Begin PBXFileReference section */
		CC6AC41018A9E0170030858D /* Narcissus.app */ = {isa = PBXFileReference; explicitFileType = wrapper.application; includeInIndex = 0; path = Narcissus.app; sourceTree = BUILT_PRODUCTS_DIR; };
		CC6AC41318A9E0170030858D /* Foundation.framework */ = {isa = PBXFileReference; lastKnownFileType = wrapper.framework; name = Foundation.framework; path = System/Library/Frameworks/Foundation.framework; sourceTree = SDKROOT; };
		CC6AC41518A9E0170030858D /* CoreGraphics.framework */ = {isa = PBXFileReference; lastKnownFileType = wrapper.framework; name = CoreGraphics.framework; path = System/Library/Frameworks/CoreGraphics.framework; sourceTree = SDKROOT; };
		CC6AC41718A9E0170030858D /* UIKit.framework */ = {isa = PBXFileReference; lastKnownFileType = wrapper.framework; name = UIKit.framework; path = System/Library/Frameworks/UIKit.framework; sourceTree = SDKROOT; };
		CC6AC41B18A9E0170030858D /* Narcissus-Info.plist */ = {isa = PBXFileReference; lastKnownFileType = text.plist.xml; path = "Narcissus-Info.plist"; sourceTree = "<group>"; };
		CC6AC41D18A9E0170030858D /* en */ = {isa = PBXFileReference; lastKnownFileType = text.plist.strings; name = en; path = en.lproj/InfoPlist.strings; sourceTree = "<group>"; };
		CC6AC41F18A9E0170030858D /* main.m */ = {isa = PBXFileReference; lastKnownFileType = sourcecode.c.objc; path = main.m; sourceTree = "<group>"; };
		CC6AC42118A9E0170030858D /* Narcissus-Prefix.pch */ = {isa = PBXFileReference; lastKnownFileType = sourcecode.c.h; path = "Narcissus-Prefix.pch"; sourceTree = "<group>"; };
		CC6AC42218A9E0170030858D /* ONAAppDelegate.h */ = {isa = PBXFileReference; lastKnownFileType = sourcecode.c.h; path = ONAAppDelegate.h; sourceTree = "<group>"; };
		CC6AC42318A9E0170030858D /* ONAAppDelegate.m */ = {isa = PBXFileReference; lastKnownFileType = sourcecode.c.objc; path = ONAAppDelegate.m; sourceTree = "<group>"; };
		CC6AC42E18A9E0170030858D /* Images.xcassets */ = {isa = PBXFileReference; lastKnownFileType = folder.assetcatalog; path = Images.xcassets; sourceTree = "<group>"; };
		CC6AC43418A9E0170030858D /* NarcissusTests.xctest */ = {isa = PBXFileReference; explicitFileType = wrapper.cfbundle; includeInIndex = 0; path = NarcissusTests.xctest; sourceTree = BUILT_PRODUCTS_DIR; };
		CC6AC43518A9E0170030858D /* XCTest.framework */ = {isa = PBXFileReference; lastKnownFileType = wrapper.framework; name = XCTest.framework; path = Library/Frameworks/XCTest.framework; sourceTree = DEVELOPER_DIR; };
		CC6AC43D18A9E0170030858D /* NarcissusTests-Info.plist */ = {isa = PBXFileReference; lastKnownFileType = text.plist.xml; path = "NarcissusTests-Info.plist"; sourceTree = "<group>"; };
		CC6AC43F18A9E0170030858D /* en */ = {isa = PBXFileReference; lastKnownFileType = text.plist.strings; name = en; path = en.lproj/InfoPlist.strings; sourceTree = "<group>"; };
		CC6AC44118A9E0170030858D /* NarcissusTests.m */ = {isa = PBXFileReference; lastKnownFileType = sourcecode.c.objc; path = NarcissusTests.m; sourceTree = "<group>"; };
		CC6AC44D18A9E13E0030858D /* ONASetupViewController.h */ = {isa = PBXFileReference; fileEncoding = 4; lastKnownFileType = sourcecode.c.h; path = ONASetupViewController.h; sourceTree = "<group>"; };
		CC6AC44E18A9E13E0030858D /* ONASetupViewController.m */ = {isa = PBXFileReference; fileEncoding = 4; lastKnownFileType = sourcecode.c.objc; path = ONASetupViewController.m; sourceTree = "<group>"; };
		CC6AC45018A9EB520030858D /* ONASetupViewController.xib */ = {isa = PBXFileReference; fileEncoding = 4; lastKnownFileType = file.xib; path = ONASetupViewController.xib; sourceTree = "<group>"; };
		CC6AC45218A9EBB80030858D /* ONAIdentifierViewController.h */ = {isa = PBXFileReference; fileEncoding = 4; lastKnownFileType = sourcecode.c.h; path = ONAIdentifierViewController.h; sourceTree = "<group>"; };
		CC6AC45318A9EBB80030858D /* ONAIdentifierViewController.m */ = {isa = PBXFileReference; fileEncoding = 4; lastKnownFileType = sourcecode.c.objc; path = ONAIdentifierViewController.m; sourceTree = "<group>"; };
		CC6AC45518A9EBCF0030858D /* ONAIdentifierViewController.xib */ = {isa = PBXFileReference; fileEncoding = 4; lastKnownFileType = file.xib; path = ONAIdentifierViewController.xib; sourceTree = "<group>"; };
		CC6AC45C18A9ECFA0030858D /* ONAIdentifierCore.h */ = {isa = PBXFileReference; fileEncoding = 4; lastKnownFileType = sourcecode.c.h; path = ONAIdentifierCore.h; sourceTree = "<group>"; };
		CC6AC45D18A9ECFA0030858D /* ONAIdentifierCore.m */ = {isa = PBXFileReference; fileEncoding = 4; lastKnownFileType = sourcecode.c.objc; path = ONAIdentifierCore.m; sourceTree = "<group>"; };
		CC6AC45F18A9ED5C0030858D /* CoreBluetooth.framework */ = {isa = PBXFileReference; lastKnownFileType = wrapper.framework; name = CoreBluetooth.framework; path = System/Library/Frameworks/CoreBluetooth.framework; sourceTree = SDKROOT; };
		CC6AC46218A9F1830030858D /* AFHTTPRequestOperation.h */ = {isa = PBXFileReference; fileEncoding = 4; lastKnownFileType = sourcecode.c.h; path = AFHTTPRequestOperation.h; sourceTree = "<group>"; };
		CC6AC46318A9F1830030858D /* AFHTTPRequestOperation.m */ = {isa = PBXFileReference; fileEncoding = 4; lastKnownFileType = sourcecode.c.objc; path = AFHTTPRequestOperation.m; sourceTree = "<group>"; };
		CC6AC46418A9F1830030858D /* AFHTTPRequestOperationManager.h */ = {isa = PBXFileReference; fileEncoding = 4; lastKnownFileType = sourcecode.c.h; path = AFHTTPRequestOperationManager.h; sourceTree = "<group>"; };
		CC6AC46518A9F1830030858D /* AFHTTPRequestOperationManager.m */ = {isa = PBXFileReference; fileEncoding = 4; lastKnownFileType = sourcecode.c.objc; path = AFHTTPRequestOperationManager.m; sourceTree = "<group>"; };
		CC6AC46618A9F1830030858D /* AFHTTPSessionManager.h */ = {isa = PBXFileReference; fileEncoding = 4; lastKnownFileType = sourcecode.c.h; path = AFHTTPSessionManager.h; sourceTree = "<group>"; };
		CC6AC46718A9F1830030858D /* AFHTTPSessionManager.m */ = {isa = PBXFileReference; fileEncoding = 4; lastKnownFileType = sourcecode.c.objc; path = AFHTTPSessionManager.m; sourceTree = "<group>"; };
		CC6AC46818A9F1830030858D /* AFNetworking.h */ = {isa = PBXFileReference; fileEncoding = 4; lastKnownFileType = sourcecode.c.h; path = AFNetworking.h; sourceTree = "<group>"; };
		CC6AC46918A9F1830030858D /* AFNetworkReachabilityManager.h */ = {isa = PBXFileReference; fileEncoding = 4; lastKnownFileType = sourcecode.c.h; path = AFNetworkReachabilityManager.h; sourceTree = "<group>"; };
		CC6AC46A18A9F1830030858D /* AFNetworkReachabilityManager.m */ = {isa = PBXFileReference; fileEncoding = 4; lastKnownFileType = sourcecode.c.objc; path = AFNetworkReachabilityManager.m; sourceTree = "<group>"; };
		CC6AC46B18A9F1830030858D /* AFSecurityPolicy.h */ = {isa = PBXFileReference; fileEncoding = 4; lastKnownFileType = sourcecode.c.h; path = AFSecurityPolicy.h; sourceTree = "<group>"; };
		CC6AC46C18A9F1830030858D /* AFSecurityPolicy.m */ = {isa = PBXFileReference; fileEncoding = 4; lastKnownFileType = sourcecode.c.objc; path = AFSecurityPolicy.m; sourceTree = "<group>"; };
		CC6AC46D18A9F1830030858D /* AFURLConnectionOperation.h */ = {isa = PBXFileReference; fileEncoding = 4; lastKnownFileType = sourcecode.c.h; path = AFURLConnectionOperation.h; sourceTree = "<group>"; };
		CC6AC46E18A9F1830030858D /* AFURLConnectionOperation.m */ = {isa = PBXFileReference; fileEncoding = 4; lastKnownFileType = sourcecode.c.objc; path = AFURLConnectionOperation.m; sourceTree = "<group>"; };
		CC6AC46F18A9F1830030858D /* AFURLRequestSerialization.h */ = {isa = PBXFileReference; fileEncoding = 4; lastKnownFileType = sourcecode.c.h; path = AFURLRequestSerialization.h; sourceTree = "<group>"; };
		CC6AC47018A9F1830030858D /* AFURLRequestSerialization.m */ = {isa = PBXFileReference; fileEncoding = 4; lastKnownFileType = sourcecode.c.objc; path = AFURLRequestSerialization.m; sourceTree = "<group>"; };
		CC6AC47118A9F1830030858D /* AFURLResponseSerialization.h */ = {isa = PBXFileReference; fileEncoding = 4; lastKnownFileType = sourcecode.c.h; path = AFURLResponseSerialization.h; sourceTree = "<group>"; };
		CC6AC47218A9F1830030858D /* AFURLResponseSerialization.m */ = {isa = PBXFileReference; fileEncoding = 4; lastKnownFileType = sourcecode.c.objc; path = AFURLResponseSerialization.m; sourceTree = "<group>"; };
		CC6AC47318A9F1830030858D /* AFURLSessionManager.h */ = {isa = PBXFileReference; fileEncoding = 4; lastKnownFileType = sourcecode.c.h; path = AFURLSessionManager.h; sourceTree = "<group>"; };
		CC6AC47418A9F1830030858D /* AFURLSessionManager.m */ = {isa = PBXFileReference; fileEncoding = 4; lastKnownFileType = sourcecode.c.objc; path = AFURLSessionManager.m; sourceTree = "<group>"; };
		CC6AC47E18A9F1940030858D /* MobileCoreServices.framework */ = {isa = PBXFileReference; lastKnownFileType = wrapper.framework; name = MobileCoreServices.framework; path = System/Library/Frameworks/MobileCoreServices.framework; sourceTree = SDKROOT; };
		CC6AC48018A9F19A0030858D /* Security.framework */ = {isa = PBXFileReference; lastKnownFileType = wrapper.framework; name = Security.framework; path = System/Library/Frameworks/Security.framework; sourceTree = SDKROOT; };
		CC6AC48218A9F1AF0030858D /* SystemConfiguration.framework */ = {isa = PBXFileReference; lastKnownFileType = wrapper.framework; name = SystemConfiguration.framework; path = System/Library/Frameworks/SystemConfiguration.framework; sourceTree = SDKROOT; };
		CC6AC48418AA06050030858D /* ONALocationCore.h */ = {isa = PBXFileReference; fileEncoding = 4; lastKnownFileType = sourcecode.c.h; path = ONALocationCore.h; sourceTree = "<group>"; };
		CC6AC48518AA06050030858D /* ONALocationCore.m */ = {isa = PBXFileReference; fileEncoding = 4; lastKnownFileType = sourcecode.c.objc; path = ONALocationCore.m; sourceTree = "<group>"; };
		CC6AC48718AA0C5B0030858D /* MapViewController.h */ = {isa = PBXFileReference; fileEncoding = 4; lastKnownFileType = sourcecode.c.h; path = MapViewController.h; sourceTree = "<group>"; };
		CC6AC48818AA0C5B0030858D /* MapViewController.m */ = {isa = PBXFileReference; fileEncoding = 4; lastKnownFileType = sourcecode.c.objc; path = MapViewController.m; sourceTree = "<group>"; };
		CC6AC48A18AA0C670030858D /* IndoorMap_3.bundle */ = {isa = PBXFileReference; lastKnownFileType = "wrapper.plug-in"; path = IndoorMap_3.bundle; sourceTree = "<group>"; };
/* End PBXFileReference section */

/* Begin PBXFrameworksBuildPhase section */
		CC6AC40D18A9E0170030858D /* Frameworks */ = {
			isa = PBXFrameworksBuildPhase;
			buildActionMask = 2147483647;
			files = (
				CC6AC48318A9F1AF0030858D /* SystemConfiguration.framework in Frameworks */,
				CC6AC48118A9F19A0030858D /* Security.framework in Frameworks */,
				CC6AC47F18A9F1940030858D /* MobileCoreServices.framework in Frameworks */,
				CC6AC46018A9ED5C0030858D /* CoreBluetooth.framework in Frameworks */,
				CC6AC41618A9E0170030858D /* CoreGraphics.framework in Frameworks */,
				CC6AC41818A9E0170030858D /* UIKit.framework in Frameworks */,
				CC6AC41418A9E0170030858D /* Foundation.framework in Frameworks */,
			);
			runOnlyForDeploymentPostprocessing = 0;
		};
		CC6AC43118A9E0170030858D /* Frameworks */ = {
			isa = PBXFrameworksBuildPhase;
			buildActionMask = 2147483647;
			files = (
				CC6AC43618A9E0170030858D /* XCTest.framework in Frameworks */,
				CC6AC43818A9E0170030858D /* UIKit.framework in Frameworks */,
				CC6AC43718A9E0170030858D /* Foundation.framework in Frameworks */,
			);
			runOnlyForDeploymentPostprocessing = 0;
		};
/* End PBXFrameworksBuildPhase section */

/* Begin PBXGroup section */
		CC6AC40718A9E0170030858D = {
			isa = PBXGroup;
			children = (
				CC6AC41918A9E0170030858D /* Narcissus */,
				CC6AC43B18A9E0170030858D /* NarcissusTests */,
				CC6AC41218A9E0170030858D /* Frameworks */,
				CC6AC41118A9E0170030858D /* Products */,
			);
			sourceTree = "<group>";
		};
		CC6AC41118A9E0170030858D /* Products */ = {
			isa = PBXGroup;
			children = (
				CC6AC41018A9E0170030858D /* Narcissus.app */,
				CC6AC43418A9E0170030858D /* NarcissusTests.xctest */,
			);
			name = Products;
			sourceTree = "<group>";
		};
		CC6AC41218A9E0170030858D /* Frameworks */ = {
			isa = PBXGroup;
			children = (
				CC6AC48218A9F1AF0030858D /* SystemConfiguration.framework */,
				CC6AC48018A9F19A0030858D /* Security.framework */,
				CC6AC47E18A9F1940030858D /* MobileCoreServices.framework */,
				CC6AC45F18A9ED5C0030858D /* CoreBluetooth.framework */,
				CC6AC41318A9E0170030858D /* Foundation.framework */,
				CC6AC41518A9E0170030858D /* CoreGraphics.framework */,
				CC6AC41718A9E0170030858D /* UIKit.framework */,
				CC6AC43518A9E0170030858D /* XCTest.framework */,
			);
			name = Frameworks;
			sourceTree = "<group>";
		};
		CC6AC41918A9E0170030858D /* Narcissus */ = {
			isa = PBXGroup;
			children = (
				CC6AC46118A9F1830030858D /* AFNetworking */,
				CC6AC42218A9E0170030858D /* ONAAppDelegate.h */,
				CC6AC42318A9E0170030858D /* ONAAppDelegate.m */,
				CC6AC45218A9EBB80030858D /* ONAIdentifierViewController.h */,
				CC6AC45318A9EBB80030858D /* ONAIdentifierViewController.m */,
				CC6AC45518A9EBCF0030858D /* ONAIdentifierViewController.xib */,
				CC6AC44D18A9E13E0030858D /* ONASetupViewController.h */,
				CC6AC44E18A9E13E0030858D /* ONASetupViewController.m */,
				CC6AC45018A9EB520030858D /* ONASetupViewController.xib */,
				CC6AC48418AA06050030858D /* ONALocationCore.h */,
				CC6AC48518AA06050030858D /* ONALocationCore.m */,
				CC6AC45C18A9ECFA0030858D /* ONAIdentifierCore.h */,
				CC6AC45D18A9ECFA0030858D /* ONAIdentifierCore.m */,
				CC6AC48718AA0C5B0030858D /* MapViewController.h */,
				CC6AC48818AA0C5B0030858D /* MapViewController.m */,
				CC6AC42E18A9E0170030858D /* Images.xcassets */,
				CC6AC48A18AA0C670030858D /* IndoorMap_3.bundle */,
				CC6AC41A18A9E0170030858D /* Supporting Files */,
			);
			path = Narcissus;
			sourceTree = "<group>";
		};
		CC6AC41A18A9E0170030858D /* Supporting Files */ = {
			isa = PBXGroup;
			children = (
				CC6AC41B18A9E0170030858D /* Narcissus-Info.plist */,
				CC6AC41C18A9E0170030858D /* InfoPlist.strings */,
				CC6AC41F18A9E0170030858D /* main.m */,
				CC6AC42118A9E0170030858D /* Narcissus-Prefix.pch */,
			);
			name = "Supporting Files";
			sourceTree = "<group>";
		};
		CC6AC43B18A9E0170030858D /* NarcissusTests */ = {
			isa = PBXGroup;
			children = (
				CC6AC44118A9E0170030858D /* NarcissusTests.m */,
				CC6AC43C18A9E0170030858D /* Supporting Files */,
			);
			path = NarcissusTests;
			sourceTree = "<group>";
		};
		CC6AC43C18A9E0170030858D /* Supporting Files */ = {
			isa = PBXGroup;
			children = (
				CC6AC43D18A9E0170030858D /* NarcissusTests-Info.plist */,
				CC6AC43E18A9E0170030858D /* InfoPlist.strings */,
			);
			name = "Supporting Files";
			sourceTree = "<group>";
		};
		CC6AC46118A9F1830030858D /* AFNetworking */ = {
			isa = PBXGroup;
			children = (
				CC6AC46218A9F1830030858D /* AFHTTPRequestOperation.h */,
				CC6AC46318A9F1830030858D /* AFHTTPRequestOperation.m */,
				CC6AC46418A9F1830030858D /* AFHTTPRequestOperationManager.h */,
				CC6AC46518A9F1830030858D /* AFHTTPRequestOperationManager.m */,
				CC6AC46618A9F1830030858D /* AFHTTPSessionManager.h */,
				CC6AC46718A9F1830030858D /* AFHTTPSessionManager.m */,
				CC6AC46818A9F1830030858D /* AFNetworking.h */,
				CC6AC46918A9F1830030858D /* AFNetworkReachabilityManager.h */,
				CC6AC46A18A9F1830030858D /* AFNetworkReachabilityManager.m */,
				CC6AC46B18A9F1830030858D /* AFSecurityPolicy.h */,
				CC6AC46C18A9F1830030858D /* AFSecurityPolicy.m */,
				CC6AC46D18A9F1830030858D /* AFURLConnectionOperation.h */,
				CC6AC46E18A9F1830030858D /* AFURLConnectionOperation.m */,
				CC6AC46F18A9F1830030858D /* AFURLRequestSerialization.h */,
				CC6AC47018A9F1830030858D /* AFURLRequestSerialization.m */,
				CC6AC47118A9F1830030858D /* AFURLResponseSerialization.h */,
				CC6AC47218A9F1830030858D /* AFURLResponseSerialization.m */,
				CC6AC47318A9F1830030858D /* AFURLSessionManager.h */,
				CC6AC47418A9F1830030858D /* AFURLSessionManager.m */,
			);
			path = AFNetworking;
			sourceTree = "<group>";
		};
/* End PBXGroup section */

/* Begin PBXNativeTarget section */
		CC6AC40F18A9E0170030858D /* Narcissus */ = {
			isa = PBXNativeTarget;
			buildConfigurationList = CC6AC44518A9E0170030858D /* Build configuration list for PBXNativeTarget "Narcissus" */;
			buildPhases = (
				CC6AC40C18A9E0170030858D /* Sources */,
				CC6AC40D18A9E0170030858D /* Frameworks */,
				CC6AC40E18A9E0170030858D /* Resources */,
			);
			buildRules = (
			);
			dependencies = (
			);
			name = Narcissus;
			productName = Narcissus;
			productReference = CC6AC41018A9E0170030858D /* Narcissus.app */;
			productType = "com.apple.product-type.application";
		};
		CC6AC43318A9E0170030858D /* NarcissusTests */ = {
			isa = PBXNativeTarget;
			buildConfigurationList = CC6AC44818A9E0170030858D /* Build configuration list for PBXNativeTarget "NarcissusTests" */;
			buildPhases = (
				CC6AC43018A9E0170030858D /* Sources */,
				CC6AC43118A9E0170030858D /* Frameworks */,
				CC6AC43218A9E0170030858D /* Resources */,
			);
			buildRules = (
			);
			dependencies = (
				CC6AC43A18A9E0170030858D /* PBXTargetDependency */,
			);
			name = NarcissusTests;
			productName = NarcissusTests;
			productReference = CC6AC43418A9E0170030858D /* NarcissusTests.xctest */;
			productType = "com.apple.product-type.bundle.unit-test";
		};
/* End PBXNativeTarget section */

/* Begin PBXProject section */
		CC6AC40818A9E0170030858D /* Project object */ = {
			isa = PBXProject;
			attributes = {
				CLASSPREFIX = ONA;
				LastUpgradeCheck = 0510;
				ORGANIZATIONNAME = Oltica;
				TargetAttributes = {
					CC6AC40F18A9E0170030858D = {
						SystemCapabilities = {
							com.apple.BackgroundModes = {
								enabled = 1;
							};
						};
					};
					CC6AC43318A9E0170030858D = {
						TestTargetID = CC6AC40F18A9E0170030858D;
					};
				};
			};
			buildConfigurationList = CC6AC40B18A9E0170030858D /* Build configuration list for PBXProject "Narcissus" */;
			compatibilityVersion = "Xcode 3.2";
			developmentRegion = English;
			hasScannedForEncodings = 0;
			knownRegions = (
				en,
				Base,
			);
			mainGroup = CC6AC40718A9E0170030858D;
			productRefGroup = CC6AC41118A9E0170030858D /* Products */;
			projectDirPath = "";
			projectRoot = "";
			targets = (
				CC6AC40F18A9E0170030858D /* Narcissus */,
				CC6AC43318A9E0170030858D /* NarcissusTests */,
			);
		};
/* End PBXProject section */

/* Begin PBXResourcesBuildPhase section */
		CC6AC40E18A9E0170030858D /* Resources */ = {
			isa = PBXResourcesBuildPhase;
			buildActionMask = 2147483647;
			files = (
				CC6AC45618A9EBCF0030858D /* ONAIdentifierViewController.xib in Resources */,
				CC6AC45118A9EB520030858D /* ONASetupViewController.xib in Resources */,
				CC6AC48B18AA0C670030858D /* IndoorMap_3.bundle in Resources */,
				CC6AC42F18A9E0170030858D /* Images.xcassets in Resources */,
				CC6AC41E18A9E0170030858D /* InfoPlist.strings in Resources */,
			);
			runOnlyForDeploymentPostprocessing = 0;
		};
		CC6AC43218A9E0170030858D /* Resources */ = {
			isa = PBXResourcesBuildPhase;
			buildActionMask = 2147483647;
			files = (
				CC6AC44018A9E0170030858D /* InfoPlist.strings in Resources */,
			);
			runOnlyForDeploymentPostprocessing = 0;
		};
/* End PBXResourcesBuildPhase section */

/* Begin PBXSourcesBuildPhase section */
		CC6AC40C18A9E0170030858D /* Sources */ = {
			isa = PBXSourcesBuildPhase;
			buildActionMask = 2147483647;
			files = (
				CC6AC47A18A9F1830030858D /* AFURLConnectionOperation.m in Sources */,
				CC6AC47518A9F1830030858D /* AFHTTPRequestOperation.m in Sources */,
				CC6AC47818A9F1830030858D /* AFNetworkReachabilityManager.m in Sources */,
				CC6AC47D18A9F1830030858D /* AFURLSessionManager.m in Sources */,
				CC6AC47B18A9F1830030858D /* AFURLRequestSerialization.m in Sources */,
				CC6AC45418A9EBB80030858D /* ONAIdentifierViewController.m in Sources */,
				CC6AC47C18A9F1830030858D /* AFURLResponseSerialization.m in Sources */,
				CC6AC42018A9E0170030858D /* main.m in Sources */,
				CC6AC44F18A9E13E0030858D /* ONASetupViewController.m in Sources */,
				CC6AC47618A9F1830030858D /* AFHTTPRequestOperationManager.m in Sources */,
				CC6AC47918A9F1830030858D /* AFSecurityPolicy.m in Sources */,
				CC6AC48918AA0C5B0030858D /* MapViewController.m in Sources */,
				CC6AC42418A9E0170030858D /* ONAAppDelegate.m in Sources */,
				CC6AC48618AA06050030858D /* ONALocationCore.m in Sources */,
				CC6AC45E18A9ECFA0030858D /* ONAIdentifierCore.m in Sources */,
				CC6AC47718A9F1830030858D /* AFHTTPSessionManager.m in Sources */,
			);
			runOnlyForDeploymentPostprocessing = 0;
		};
		CC6AC43018A9E0170030858D /* Sources */ = {
			isa = PBXSourcesBuildPhase;
			buildActionMask = 2147483647;
			files = (
				CC6AC44218A9E0170030858D /* NarcissusTests.m in Sources */,
			);
			runOnlyForDeploymentPostprocessing = 0;
		};
/* End PBXSourcesBuildPhase section */

/* Begin PBXTargetDependency section */
		CC6AC43A18A9E0170030858D /* PBXTargetDependency */ = {
			isa = PBXTargetDependency;
			target = CC6AC40F18A9E0170030858D /* Narcissus */;
			targetProxy = CC6AC43918A9E0170030858D /* PBXContainerItemProxy */;
		};
/* End PBXTargetDependency section */

/* Begin PBXVariantGroup section */
		CC6AC41C18A9E0170030858D /* InfoPlist.strings */ = {
			isa = PBXVariantGroup;
			children = (
				CC6AC41D18A9E0170030858D /* en */,
			);
			name = InfoPlist.strings;
			sourceTree = "<group>";
		};
		CC6AC43E18A9E0170030858D /* InfoPlist.strings */ = {
			isa = PBXVariantGroup;
			children = (
				CC6AC43F18A9E0170030858D /* en */,
			);
			name = InfoPlist.strings;
			sourceTree = "<group>";
		};
/* End PBXVariantGroup section */

/* Begin XCBuildConfiguration section */
		CC6AC44318A9E0170030858D /* Debug */ = {
			isa = XCBuildConfiguration;
			buildSettings = {
				ALWAYS_SEARCH_USER_PATHS = NO;
				CLANG_CXX_LANGUAGE_STANDARD = "gnu++0x";
				CLANG_CXX_LIBRARY = "libc++";
				CLANG_ENABLE_MODULES = YES;
				CLANG_ENABLE_OBJC_ARC = YES;
				CLANG_WARN_BOOL_CONVERSION = YES;
				CLANG_WARN_CONSTANT_CONVERSION = YES;
				CLANG_WARN_DIRECT_OBJC_ISA_USAGE = YES_ERROR;
				CLANG_WARN_EMPTY_BODY = YES;
				CLANG_WARN_ENUM_CONVERSION = YES;
				CLANG_WARN_INT_CONVERSION = YES;
				CLANG_WARN_OBJC_ROOT_CLASS = YES_ERROR;
				CLANG_WARN__DUPLICATE_METHOD_MATCH = YES;
				"CODE_SIGN_IDENTITY[sdk=iphoneos*]" = "iPhone Developer";
				COPY_PHASE_STRIP = NO;
				GCC_C_LANGUAGE_STANDARD = gnu99;
				GCC_DYNAMIC_NO_PIC = NO;
				GCC_OPTIMIZATION_LEVEL = 0;
				GCC_PREPROCESSOR_DEFINITIONS = (
					"DEBUG=1",
					"$(inherited)",
				);
				GCC_SYMBOLS_PRIVATE_EXTERN = NO;
				GCC_WARN_64_TO_32_BIT_CONVERSION = YES;
				GCC_WARN_ABOUT_RETURN_TYPE = YES_ERROR;
				GCC_WARN_UNDECLARED_SELECTOR = YES;
				GCC_WARN_UNINITIALIZED_AUTOS = YES_AGGRESSIVE;
				GCC_WARN_UNUSED_FUNCTION = YES;
				GCC_WARN_UNUSED_VARIABLE = YES;
				IPHONEOS_DEPLOYMENT_TARGET = 7.1;
				ONLY_ACTIVE_ARCH = YES;
				SDKROOT = iphoneos;
			};
			name = Debug;
		};
		CC6AC44418A9E0170030858D /* Release */ = {
			isa = XCBuildConfiguration;
			buildSettings = {
				ALWAYS_SEARCH_USER_PATHS = NO;
				CLANG_CXX_LANGUAGE_STANDARD = "gnu++0x";
				CLANG_CXX_LIBRARY = "libc++";
				CLANG_ENABLE_MODULES = YES;
				CLANG_ENABLE_OBJC_ARC = YES;
				CLANG_WARN_BOOL_CONVERSION = YES;
				CLANG_WARN_CONSTANT_CONVERSION = YES;
				CLANG_WARN_DIRECT_OBJC_ISA_USAGE = YES_ERROR;
				CLANG_WARN_EMPTY_BODY = YES;
				CLANG_WARN_ENUM_CONVERSION = YES;
				CLANG_WARN_INT_CONVERSION = YES;
				CLANG_WARN_OBJC_ROOT_CLASS = YES_ERROR;
				CLANG_WARN__DUPLICATE_METHOD_MATCH = YES;
				"CODE_SIGN_IDENTITY[sdk=iphoneos*]" = "iPhone Developer";
				COPY_PHASE_STRIP = YES;
				ENABLE_NS_ASSERTIONS = NO;
				GCC_C_LANGUAGE_STANDARD = gnu99;
				GCC_WARN_64_TO_32_BIT_CONVERSION = YES;
				GCC_WARN_ABOUT_RETURN_TYPE = YES_ERROR;
				GCC_WARN_UNDECLARED_SELECTOR = YES;
				GCC_WARN_UNINITIALIZED_AUTOS = YES_AGGRESSIVE;
				GCC_WARN_UNUSED_FUNCTION = YES;
				GCC_WARN_UNUSED_VARIABLE = YES;
				IPHONEOS_DEPLOYMENT_TARGET = 7.1;
				SDKROOT = iphoneos;
				VALIDATE_PRODUCT = YES;
			};
			name = Release;
		};
		CC6AC44618A9E0170030858D /* Debug */ = {
			isa = XCBuildConfiguration;
			buildSettings = {
				ASSETCATALOG_COMPILER_APPICON_NAME = AppIcon;
				ASSETCATALOG_COMPILER_LAUNCHIMAGE_NAME = LaunchImage;
				GCC_PRECOMPILE_PREFIX_HEADER = YES;
				GCC_PREFIX_HEADER = "Narcissus/Narcissus-Prefix.pch";
				INFOPLIST_FILE = "Narcissus/Narcissus-Info.plist";
				IPHONEOS_DEPLOYMENT_TARGET = 7.0;
				PRODUCT_NAME = "$(TARGET_NAME)";
				WRAPPER_EXTENSION = app;
			};
			name = Debug;
		};
		CC6AC44718A9E0170030858D /* Release */ = {
			isa = XCBuildConfiguration;
			buildSettings = {
				ASSETCATALOG_COMPILER_APPICON_NAME = AppIcon;
				ASSETCATALOG_COMPILER_LAUNCHIMAGE_NAME = LaunchImage;
				GCC_PRECOMPILE_PREFIX_HEADER = YES;
				GCC_PREFIX_HEADER = "Narcissus/Narcissus-Prefix.pch";
				INFOPLIST_FILE = "Narcissus/Narcissus-Info.plist";
				IPHONEOS_DEPLOYMENT_TARGET = 7.0;
				PRODUCT_NAME = "$(TARGET_NAME)";
				WRAPPER_EXTENSION = app;
			};
			name = Release;
		};
		CC6AC44918A9E0170030858D /* Debug */ = {
			isa = XCBuildConfiguration;
			buildSettings = {
				BUNDLE_LOADER = "$(BUILT_PRODUCTS_DIR)/Narcissus.app/Narcissus";
				FRAMEWORK_SEARCH_PATHS = (
					"$(SDKROOT)/Developer/Library/Frameworks",
					"$(inherited)",
					"$(DEVELOPER_FRAMEWORKS_DIR)",
				);
				GCC_PRECOMPILE_PREFIX_HEADER = YES;
				GCC_PREFIX_HEADER = "Narcissus/Narcissus-Prefix.pch";
				GCC_PREPROCESSOR_DEFINITIONS = (
					"DEBUG=1",
					"$(inherited)",
				);
				INFOPLIST_FILE = "NarcissusTests/NarcissusTests-Info.plist";
				PRODUCT_NAME = "$(TARGET_NAME)";
				TEST_HOST = "$(BUNDLE_LOADER)";
				WRAPPER_EXTENSION = xctest;
			};
			name = Debug;
		};
		CC6AC44A18A9E0170030858D /* Release */ = {
			isa = XCBuildConfiguration;
			buildSettings = {
				BUNDLE_LOADER = "$(BUILT_PRODUCTS_DIR)/Narcissus.app/Narcissus";
				FRAMEWORK_SEARCH_PATHS = (
					"$(SDKROOT)/Developer/Library/Frameworks",
					"$(inherited)",
					"$(DEVELOPER_FRAMEWORKS_DIR)",
				);
				GCC_PRECOMPILE_PREFIX_HEADER = YES;
				GCC_PREFIX_HEADER = "Narcissus/Narcissus-Prefix.pch";
				INFOPLIST_FILE = "NarcissusTests/NarcissusTests-Info.plist";
				PRODUCT_NAME = "$(TARGET_NAME)";
				TEST_HOST = "$(BUNDLE_LOADER)";
				WRAPPER_EXTENSION = xctest;
			};
			name = Release;
		};
/* End XCBuildConfiguration section */

/* Begin XCConfigurationList section */
		CC6AC40B18A9E0170030858D /* Build configuration list for PBXProject "Narcissus" */ = {
			isa = XCConfigurationList;
			buildConfigurations = (
				CC6AC44318A9E0170030858D /* Debug */,
				CC6AC44418A9E0170030858D /* Release */,
			);
			defaultConfigurationIsVisible = 0;
			defaultConfigurationName = Release;
		};
		CC6AC44518A9E0170030858D /* Build configuration list for PBXNativeTarget "Narcissus" */ = {
			isa = XCConfigurationList;
			buildConfigurations = (
				CC6AC44618A9E0170030858D /* Debug */,
				CC6AC44718A9E0170030858D /* Release */,
			);
			defaultConfigurationIsVisible = 0;
		};
		CC6AC44818A9E0170030858D /* Build configuration list for PBXNativeTarget "NarcissusTests" */ = {
			isa = XCConfigurationList;
			buildConfigurations = (
				CC6AC44918A9E0170030858D /* Debug */,
				CC6AC44A18A9E0170030858D /* Release */,
			);
			defaultConfigurationIsVisible = 0;
		};
/* End XCConfigurationList section */
	};
	rootObject = CC6AC40818A9E0170030858D /* Project object */;
}
